
Microsoft Visual Studio Solution File, Format Version 12.00
# Visual Studio Version 17
VisualStudioVersion = 17.9.34607.119
MinimumVisualStudioVersion = 10.0.40219.1
Project("{FAE04EC0-301F-11D3-BF4B-00C04F79EFBC}") = "BrrSolver", "BrrSolver\BrrSolver.csproj", "{9E18AB73-B1DA-4AF9-80B0-4AF9EBC1FEAB}"
EndProject
Project("{FAE04EC0-301F-11D3-BF4B-00C04F79EFBC}") = "BrrTest", "BrrTest\BrrTest.csproj", "{B5E8D944-14A4-48FE-ABE0-B4759031CA75}"
EndProject
Global
	GlobalSection(SolutionConfigurationPlatforms) = preSolution
		Debug|Any CPU = Debug|Any CPU
		Release|Any CPU = Release|Any CPU
	EndGlobalSection
	GlobalSection(ProjectConfigurationPlatforms) = postSolution
		{9E18AB73-B1DA-4AF9-80B0-4AF9EBC1FEAB}.Debug|Any CPU.ActiveCfg = Debug|Any CPU
		{9E18AB73-B1DA-4AF9-80B0-4AF9EBC1FEAB}.Debug|Any CPU.Build.0 = Debug|Any CPU
		{9E18AB73-B1DA-4AF9-80B0-4AF9EBC1FEAB}.Release|Any CPU.ActiveCfg = Release|Any CPU
		{9E18AB73-B1DA-4AF9-80B0-4AF9EBC1FEAB}.Release|Any CPU.Build.0 = Release|Any CPU
		{B5E8D944-14A4-48FE-ABE0-B4759031CA75}.Debug|Any CPU.ActiveCfg = Debug|Any CPU
		{B5E8D944-14A4-48FE-ABE0-B4759031CA75}.Debug|Any CPU.Build.0 = Debug|Any CPU
		{B5E8D944-14A4-48FE-ABE0-B4759031CA75}.Release|Any CPU.ActiveCfg = Release|Any CPU
		{B5E8D944-14A4-48FE-ABE0-B4759031CA75}.Release|Any CPU.Build.0 = Release|Any CPU
	EndGlobalSection
	GlobalSection(SolutionProperties) = preSolution
		HideSolutionNode = FALSE
	EndGlobalSection
	GlobalSection(ExtensibilityGlobals) = postSolution
		SolutionGuid = {08C679E3-AAF7-405C-B6AA-45ACF628B4EB}
	EndGlobalSection
EndGlobal
